
Microsoft Visual Studio Solution File, Format Version 12.00
# Visual Studio Version 17
VisualStudioVersion = 17.0.32014.148
MinimumVisualStudioVersion = 10.0.40219.1
Project("{9A19103F-16F7-4668-BE54-9A1E7A4F7556}") = "MyFirstAzureWebApp", "MyFirstAzureWebApp.csproj", "{E8DC08C4-F69F-4E63-B86F-65447E694C5E}"
EndProject
Project("{9A19103F-16F7-4668-BE54-9A1E7A4F7556}") = "FirstAzureAppTestProject", "..\FirstAzureAppTestProject\FirstAzureAppTestProject.csproj", "{1CCA6FF9-7727-4001-96A3-213C38C1CADC}"
EndProject
Project("{FAE04EC0-301F-11D3-BF4B-00C04F79EFBC}") = "MyFirstAzureWebAppDevOpsTesting", "..\MyFirstAzureWebAppDevOpsTesting\MyFirstAzureWebAppDevOpsTesting.csproj", "{059E41BB-9FD6-46AC-8162-93DE8230FE9D}"
EndProject
Global
	GlobalSection(SolutionConfigurationPlatforms) = preSolution
		Debug|Any CPU = Debug|Any CPU
		ProductionPublish|Any CPU = ProductionPublish|Any CPU
		Release|Any CPU = Release|Any CPU
		StagingPublish|Any CPU = StagingPublish|Any CPU
		TestPublish|Any CPU = TestPublish|Any CPU
	EndGlobalSection
	GlobalSection(ProjectConfigurationPlatforms) = postSolution
		{E8DC08C4-F69F-4E63-B86F-65447E694C5E}.Debug|Any CPU.ActiveCfg = Debug|Any CPU
		{E8DC08C4-F69F-4E63-B86F-65447E694C5E}.Debug|Any CPU.Build.0 = Debug|Any CPU
		{E8DC08C4-F69F-4E63-B86F-65447E694C5E}.ProductionPublish|Any CPU.ActiveCfg = ProductionPublish|Any CPU
		{E8DC08C4-F69F-4E63-B86F-65447E694C5E}.ProductionPublish|Any CPU.Build.0 = ProductionPublish|Any CPU
		{E8DC08C4-F69F-4E63-B86F-65447E694C5E}.Release|Any CPU.ActiveCfg = Release|Any CPU
		{E8DC08C4-F69F-4E63-B86F-65447E694C5E}.Release|Any CPU.Build.0 = Release|Any CPU
		{E8DC08C4-F69F-4E63-B86F-65447E694C5E}.StagingPublish|Any CPU.ActiveCfg = StagingPublish|Any CPU
		{E8DC08C4-F69F-4E63-B86F-65447E694C5E}.StagingPublish|Any CPU.Build.0 = StagingPublish|Any CPU
		{E8DC08C4-F69F-4E63-B86F-65447E694C5E}.TestPublish|Any CPU.ActiveCfg = TestPublish|Any CPU
		{E8DC08C4-F69F-4E63-B86F-65447E694C5E}.TestPublish|Any CPU.Build.0 = TestPublish|Any CPU
		{1CCA6FF9-7727-4001-96A3-213C38C1CADC}.Debug|Any CPU.ActiveCfg = Debug|Any CPU
		{1CCA6FF9-7727-4001-96A3-213C38C1CADC}.Debug|Any CPU.Build.0 = Debug|Any CPU
		{1CCA6FF9-7727-4001-96A3-213C38C1CADC}.ProductionPublish|Any CPU.ActiveCfg = ProductionPublish|Any CPU
		{1CCA6FF9-7727-4001-96A3-213C38C1CADC}.ProductionPublish|Any CPU.Build.0 = ProductionPublish|Any CPU
		{1CCA6FF9-7727-4001-96A3-213C38C1CADC}.Release|Any CPU.ActiveCfg = Release|Any CPU
		{1CCA6FF9-7727-4001-96A3-213C38C1CADC}.Release|Any CPU.Build.0 = Release|Any CPU
		{1CCA6FF9-7727-4001-96A3-213C38C1CADC}.StagingPublish|Any CPU.ActiveCfg = StagingPublish|Any CPU
		{1CCA6FF9-7727-4001-96A3-213C38C1CADC}.StagingPublish|Any CPU.Build.0 = StagingPublish|Any CPU
		{1CCA6FF9-7727-4001-96A3-213C38C1CADC}.TestPublish|Any CPU.ActiveCfg = TestPublish|Any CPU
		{1CCA6FF9-7727-4001-96A3-213C38C1CADC}.TestPublish|Any CPU.Build.0 = TestPublish|Any CPU
		{059E41BB-9FD6-46AC-8162-93DE8230FE9D}.Debug|Any CPU.ActiveCfg = Debug|Any CPU
		{059E41BB-9FD6-46AC-8162-93DE8230FE9D}.Debug|Any CPU.Build.0 = Debug|Any CPU
		{059E41BB-9FD6-46AC-8162-93DE8230FE9D}.ProductionPublish|Any CPU.ActiveCfg = Debug|Any CPU
		{059E41BB-9FD6-46AC-8162-93DE8230FE9D}.ProductionPublish|Any CPU.Build.0 = Debug|Any CPU
		{059E41BB-9FD6-46AC-8162-93DE8230FE9D}.Release|Any CPU.ActiveCfg = Release|Any CPU
		{059E41BB-9FD6-46AC-8162-93DE8230FE9D}.Release|Any CPU.Build.0 = Release|Any CPU
		{059E41BB-9FD6-46AC-8162-93DE8230FE9D}.StagingPublish|Any CPU.ActiveCfg = Debug|Any CPU
		{059E41BB-9FD6-46AC-8162-93DE8230FE9D}.StagingPublish|Any CPU.Build.0 = Debug|Any CPU
		{059E41BB-9FD6-46AC-8162-93DE8230FE9D}.TestPublish|Any CPU.ActiveCfg = Debug|Any CPU
		{059E41BB-9FD6-46AC-8162-93DE8230FE9D}.TestPublish|Any CPU.Build.0 = Debug|Any CPU
	EndGlobalSection
	GlobalSection(SolutionProperties) = preSolution
		HideSolutionNode = FALSE
	EndGlobalSection
	GlobalSection(ExtensibilityGlobals) = postSolution
		SolutionGuid = {52464680-AABC-4227-A658-94EA7FB09DD0}
	EndGlobalSection
EndGlobal
